# This file is generated by running "yarn install" inside your project.
# Manual changes might be lost - proceed with caution!

__metadata:
  version: 8
  cacheKey: 10c0

"@tsconfig/node22@npm:^22.0.0":
  version: 22.0.0
  resolution: "@tsconfig/node22@npm:22.0.0"
  checksum: 10c0/ccb736a008d33fb5ae0ac1254e83d7fa53cdbade02c645131eafcddd11f61982a4efe4c507487952202c240d2bd46c991561a4a0dfea52972947446d80de2081
  languageName: node
  linkType: hard

"@types/node@npm:*":
  version: 22.5.4
  resolution: "@types/node@npm:22.5.4"
  dependencies:
    undici-types: "npm:~6.19.2"
  checksum: 10c0/b445daa7eecd761ad4d778b882d6ff7bcc3b4baad2086ea9804db7c5d4a4ab0298b00d7f5315fc640a73b5a1d52bbf9628e09c9fec0cf44dbf9b4df674a8717d
  languageName: node
  linkType: hard

"@types/ws@npm:^8.5.12":
  version: 8.5.12
  resolution: "@types/ws@npm:8.5.12"
  dependencies:
    "@types/node": "npm:*"
  checksum: 10c0/3fd77c9e4e05c24ce42bfc7647f7506b08c40a40fe2aea236ef6d4e96fc7cb4006a81ed1b28ec9c457e177a74a72924f4768b7b4652680b42dfd52bc380e15f9
  languageName: node
  linkType: hard

"handlelabeler@workspace:.":
  version: 0.0.0-use.local
  resolution: "handlelabeler@workspace:."
  dependencies:
    "@tsconfig/node22": "npm:^22.0.0"
    "@types/ws": "npm:^8.5.12"
    typescript: "npm:^5.5.4"
    ws: "npm:^8.18.0"
  languageName: unknown
  linkType: soft

"typescript@npm:^5.5.4":
  version: 5.5.4
  resolution: "typescript@npm:5.5.4"
  bin:
    tsc: bin/tsc
    tsserver: bin/tsserver
  checksum: 10c0/422be60f89e661eab29ac488c974b6cc0a660fb2228003b297c3d10c32c90f3bcffc1009b43876a082515a3c376b1eefcce823d6e78982e6878408b9a923199c
  languageName: node
  linkType: hard

"typescript@patch:typescript@npm%3A^5.5.4#optional!builtin<compat/typescript>":
  version: 5.5.4
  resolution: "typescript@patch:typescript@npm%3A5.5.4#optional!builtin<compat/typescript>::version=5.5.4&hash=379a07"
  bin:
    tsc: bin/tsc
    tsserver: bin/tsserver
  checksum: 10c0/73409d7b9196a5a1217b3aaad929bf76294d3ce7d6e9766dd880ece296ee91cf7d7db6b16c6c6c630ee5096eccde726c0ef17c7dfa52b01a243e57ae1f09ef07
  languageName: node
  linkType: hard

"undici-types@npm:~6.19.2":
  version: 6.19.8
  resolution: "undici-types@npm:6.19.8"
  checksum: 10c0/078afa5990fba110f6824823ace86073b4638f1d5112ee26e790155f481f2a868cc3e0615505b6f4282bdf74a3d8caad715fd809e870c2bb0704e3ea6082f344
  languageName: node
  linkType: hard

"ws@npm:^8.18.0":
  version: 8.18.0
  resolution: "ws@npm:8.18.0"
  peerDependencies:
    bufferutil: ^4.0.1
    utf-8-validate: ">=5.0.2"
  peerDependenciesMeta:
    bufferutil:
      optional: true
    utf-8-validate:
      optional: true
  checksum: 10c0/25eb33aff17edcb90721ed6b0eb250976328533ad3cd1a28a274bd263682e7296a6591ff1436d6cbc50fa67463158b062f9d1122013b361cec99a05f84680e06
  languageName: node
  linkType: hard
